{
  "nodes": {
    "flake-compat": {
      "flake": false,
      "locked": {
        "lastModified": 1673956053,
        "narHash": "sha256-4gtG9iQuiKITOjNQQeQIpoIB6b16fm+504Ch3sNKLd8=",
        "owner": "edolstra",
        "repo": "flake-compat",
        "rev": "35bb57c0c8d8b62bbfd284272c928ceb64ddbde9",
        "type": "github"
      },
      "original": {
        "owner": "edolstra",
        "repo": "flake-compat",
        "type": "github"
      }
    },
    "flake-parts": {
      "inputs": {
        "nixpkgs-lib": "nixpkgs-lib"
      },
      "locked": {
        "lastModified": 1690933134,
        "narHash": "sha256-ab989mN63fQZBFrkk4Q8bYxQCktuHmBIBqUG1jl6/FQ=",
        "owner": "hercules-ci",
        "repo": "flake-parts",
        "rev": "59cf3f1447cfc75087e7273b04b31e689a8599fb",
        "type": "github"
      },
      "original": {
        "owner": "hercules-ci",
        "repo": "flake-parts",
        "type": "github"
      }
    },
    "flake-utils": {
      "inputs": {
        "systems": "systems"
      },
      "locked": {
        "lastModified": 1685518550,
        "narHash": "sha256-o2d0KcvaXzTrPRIo0kOLV0/QXHhDQ5DTi+OxcjO8xqY=",
        "owner": "numtide",
        "repo": "flake-utils",
        "rev": "a1720a10a6cfe8234c0e93907ffe81be440f4cef",
        "type": "github"
      },
      "original": {
        "owner": "numtide",
        "repo": "flake-utils",
        "type": "github"
      }
    },
    "gitignore": {
      "inputs": {
        "nixpkgs": [
          "prismlauncher",
          "pre-commit-hooks",
          "nixpkgs"
        ]
      },
      "locked": {
        "lastModified": 1660459072,
        "narHash": "sha256-8DFJjXG8zqoONA1vXtgeKXy68KdJL5UaXR8NtVMUbx8=",
        "owner": "hercules-ci",
        "repo": "gitignore.nix",
        "rev": "a20de23b925fd8264fd7fad6454652e142fd7f73",
        "type": "github"
      },
      "original": {
        "owner": "hercules-ci",
        "repo": "gitignore.nix",
        "type": "github"
      }
    },
    "home-manager": {
      "inputs": {
        "nixpkgs": [
          "nixpkgs"
        ]
      },
      "locked": {
        "lastModified": 1691599243,
        "narHash": "sha256-Lw3VRCFFbjQLxZu37rL/o2RBb95VG8iThEhEkqo3SV8=",
        "owner": "nix-community",
        "repo": "home-manager",
        "rev": "a8f8f48320c64bd4e3a266a850bbfde2c6fe3a04",
        "type": "github"
      },
      "original": {
        "owner": "nix-community",
        "repo": "home-manager",
        "type": "github"
      }
    },
    "libnbtplusplus": {
      "flake": false,
      "locked": {
        "lastModified": 1690036783,
        "narHash": "sha256-A5kTgICnx+Qdq3Fir/bKTfdTt/T1NQP2SC+nhN1ENug=",
        "owner": "PrismLauncher",
        "repo": "libnbtplusplus",
        "rev": "a5e8fd52b8bf4ab5d5bcc042b2a247867589985f",
        "type": "github"
      },
      "original": {
        "owner": "PrismLauncher",
        "repo": "libnbtplusplus",
        "type": "github"
      }
    },
    "nixos-hardware": {
      "locked": {
        "lastModified": 1691566999,
        "narHash": "sha256-c4G++nXzVgJbXe5tuUZxSS+SbDqynO/nG3wocRcP6YE=",
        "owner": "NixOS",
        "repo": "nixos-hardware",
        "rev": "8ff521acd2c8132c62141c2990deb7406e32b335",
        "type": "github"
      },
      "original": {
        "owner": "NixOS",
        "repo": "nixos-hardware",
        "type": "github"
      }
    },
    "nixpkgs": {
      "locked": {
        "lastModified": 1691472822,
        "narHash": "sha256-XVfYZ2oB3lNPVq6sHCY9WkdQ8lHoIDzzbpg8bB6oBxA=",
        "owner": "NixOS",
        "repo": "nixpkgs",
        "rev": "41c7605718399dcfa53dd7083793b6ae3bc969ff",
        "type": "github"
      },
      "original": {
        "owner": "NixOS",
        "ref": "nixos-unstable",
        "repo": "nixpkgs",
        "type": "github"
      }
    },
    "nixpkgs-lib": {
      "locked": {
        "dir": "lib",
        "lastModified": 1690881714,
        "narHash": "sha256-h/nXluEqdiQHs1oSgkOOWF+j8gcJMWhwnZ9PFabN6q0=",
        "owner": "NixOS",
        "repo": "nixpkgs",
        "rev": "9e1960bc196baf6881340d53dccb203a951745a2",
        "type": "github"
      },
      "original": {
        "dir": "lib",
        "owner": "NixOS",
        "ref": "nixos-unstable",
        "repo": "nixpkgs",
        "type": "github"
      }
    },
    "nur": {
      "locked": {
        "lastModified": 1691659795,
        "narHash": "sha256-2R9lD79VX+U0RZpssUOsw4ZavoEaixwHFWA0SLtn1y8=",
        "owner": "nix-community",
        "repo": "NUR",
        "rev": "b63dadd998d04666efc875fcf0f6b05d22e6cad8",
        "type": "github"
      },
      "original": {
        "owner": "nix-community",
        "repo": "NUR",
        "type": "github"
      }
    },
    "pre-commit-hooks": {
      "inputs": {
        "flake-compat": [
          "prismlauncher",
          "flake-compat"
        ],
        "flake-utils": "flake-utils",
        "gitignore": "gitignore",
        "nixpkgs": [
          "prismlauncher",
          "nixpkgs"
        ],
        "nixpkgs-stable": [
          "prismlauncher",
          "nixpkgs"
        ]
      },
      "locked": {
        "lastModified": 1691256628,
        "narHash": "sha256-M0YXHemR3zbyhM7PvJa5lzGhWVf6kM/fpZ4cWe/VIhI=",
        "owner": "cachix",
        "repo": "pre-commit-hooks.nix",
        "rev": "3139c4d1f7732cab89f06492bdd4677b877e3785",
        "type": "github"
      },
      "original": {
        "owner": "cachix",
        "repo": "pre-commit-hooks.nix",
        "type": "github"
      }
    },
    "prism-ftb-patch": {
      "flake": false,
      "locked": {
        "narHash": "sha256-G8h1sPysJKJI+Ls2VChif/alD0kYcN7VUBkHL6EKtCY=",
        "type": "file",
        "url": "https://github.com/AdenMck/PrismLauncher/commit/36df231f7ad5f8d54d08c4d2c5f99f6d000fc507.patch"
      },
      "original": {
        "type": "file",
        "url": "https://github.com/AdenMck/PrismLauncher/commit/36df231f7ad5f8d54d08c4d2c5f99f6d000fc507.patch"
      }
    },
    "prism-game-options-patch": {
      "flake": false,
      "locked": {
        "narHash": "sha256-MJ1GRsAMf5BhknMiydPccDhKwRheVfKl1qUK4nWn1aw=",
        "type": "file",
        "url": "https://patch-diff.githubusercontent.com/raw/PrismLauncher/PrismLauncher/pull/907.patch"
      },
      "original": {
        "type": "file",
        "url": "https://patch-diff.githubusercontent.com/raw/PrismLauncher/PrismLauncher/pull/907.patch"
      }
    },
    "prismlauncher": {
      "inputs": {
        "flake-compat": "flake-compat",
        "flake-parts": "flake-parts",
        "libnbtplusplus": "libnbtplusplus",
        "nixpkgs": [
          "nixpkgs"
        ],
        "pre-commit-hooks": "pre-commit-hooks"
      },
      "locked": {
        "lastModified": 1691559131,
        "narHash": "sha256-fUoOSh4Bk6nQNu1fJZfQGOnDws1y/MWMfoVfA7n0JS8=",
        "owner": "PrismLauncher",
        "repo": "PrismLauncher",
        "rev": "31ffe79a29318b1aa8256ee2897a45633c1e2c6b",
        "type": "github"
      },
      "original": {
        "owner": "PrismLauncher",
        "repo": "PrismLauncher",
        "type": "github"
      }
    },
    "root": {
      "inputs": {
        "home-manager": "home-manager",
        "nixos-hardware": "nixos-hardware",
        "nixpkgs": "nixpkgs",
        "nur": "nur",
        "prism-ftb-patch": "prism-ftb-patch",
        "prism-game-options-patch": "prism-game-options-patch",
        "prismlauncher": "prismlauncher",
        "tela-icon-theme": "tela-icon-theme"
      }
    },
    "systems": {
      "locked": {
        "lastModified": 1681028828,
        "narHash": "sha256-Vy1rq5AaRuLzOxct8nz4T6wlgyUR7zLU309k9mBC768=",
        "owner": "nix-systems",
        "repo": "default",
        "rev": "da67096a3b9bf56a91d16901293e51ba5b49a27e",
        "type": "github"
      },
      "original": {
        "owner": "nix-systems",
        "repo": "default",
        "type": "github"
      }
    },
    "tela-icon-theme": {
      "flake": false,
      "locked": {
        "lastModified": 1690472160,
        "narHash": "sha256-y/ZOeulzyQoJtlYYEct4J9Brhv14jxv4l2ODBXp1Y3E=",
        "owner": "vinceliuice",
        "repo": "Tela-icon-theme",
        "rev": "8d42e7ffac14e971e02a6ab2d4a12f3435b0e30c",
        "type": "github"
      },
      "original": {
        "owner": "vinceliuice",
        "repo": "Tela-icon-theme",
        "type": "github"
      }
    }
  },
  "root": "root",
  "version": 7
}
