{
  "nodes": {
    "flake-compat": {
      "flake": false,
      "locked": {
        "lastModified": 1673956053,
        "narHash": "sha256-4gtG9iQuiKITOjNQQeQIpoIB6b16fm+504Ch3sNKLd8=",
        "owner": "edolstra",
        "repo": "flake-compat",
        "rev": "35bb57c0c8d8b62bbfd284272c928ceb64ddbde9",
        "type": "github"
      },
      "original": {
        "owner": "edolstra",
        "repo": "flake-compat",
        "type": "github"
      }
    },
    "flake-parts": {
      "inputs": {
        "nixpkgs-lib": "nixpkgs-lib"
      },
      "locked": {
        "lastModified": 1688254665,
        "narHash": "sha256-8FHEgBrr7gYNiS/NzCxIO3m4hvtLRW9YY1nYo1ivm3o=",
        "owner": "hercules-ci",
        "repo": "flake-parts",
        "rev": "267149c58a14d15f7f81b4d737308421de9d7152",
        "type": "github"
      },
      "original": {
        "owner": "hercules-ci",
        "repo": "flake-parts",
        "type": "github"
      }
    },
    "flake-utils": {
      "inputs": {
        "systems": "systems"
      },
      "locked": {
        "lastModified": 1685518550,
        "narHash": "sha256-o2d0KcvaXzTrPRIo0kOLV0/QXHhDQ5DTi+OxcjO8xqY=",
        "owner": "numtide",
        "repo": "flake-utils",
        "rev": "a1720a10a6cfe8234c0e93907ffe81be440f4cef",
        "type": "github"
      },
      "original": {
        "owner": "numtide",
        "repo": "flake-utils",
        "type": "github"
      }
    },
    "gitignore": {
      "inputs": {
        "nixpkgs": [
          "prismlauncher",
          "pre-commit-hooks",
          "nixpkgs"
        ]
      },
      "locked": {
        "lastModified": 1660459072,
        "narHash": "sha256-8DFJjXG8zqoONA1vXtgeKXy68KdJL5UaXR8NtVMUbx8=",
        "owner": "hercules-ci",
        "repo": "gitignore.nix",
        "rev": "a20de23b925fd8264fd7fad6454652e142fd7f73",
        "type": "github"
      },
      "original": {
        "owner": "hercules-ci",
        "repo": "gitignore.nix",
        "type": "github"
      }
    },
    "home-manager": {
      "inputs": {
        "nixpkgs": [
          "nixpkgs"
        ]
      },
      "locked": {
        "lastModified": 1688552611,
        "narHash": "sha256-pV/1/AU1l5CNFeKmdJ1jofcaKHhtKAbxY4gazeCyoSo=",
        "owner": "nix-community",
        "repo": "home-manager",
        "rev": "b23c7501f7e0a001486c9a5555a6c53ac7b08e85",
        "type": "github"
      },
      "original": {
        "owner": "nix-community",
        "repo": "home-manager",
        "type": "github"
      }
    },
    "libnbtplusplus": {
      "flake": false,
      "locked": {
        "lastModified": 1650031308,
        "narHash": "sha256-TvVOjkUobYJD9itQYueELJX3wmecvEdCbJ0FinW2mL4=",
        "owner": "PrismLauncher",
        "repo": "libnbtplusplus",
        "rev": "2203af7eeb48c45398139b583615134efd8d407f",
        "type": "github"
      },
      "original": {
        "owner": "PrismLauncher",
        "repo": "libnbtplusplus",
        "type": "github"
      }
    },
    "nixos-hardware": {
      "locked": {
        "lastModified": 1686838567,
        "narHash": "sha256-aqKCUD126dRlVSKV6vWuDCitfjFrZlkwNuvj5LtjRRU=",
        "owner": "NixOS",
        "repo": "nixos-hardware",
        "rev": "429f232fe1dc398c5afea19a51aad6931ee0fb89",
        "type": "github"
      },
      "original": {
        "owner": "NixOS",
        "repo": "nixos-hardware",
        "type": "github"
      }
    },
    "nixpkgs": {
      "locked": {
        "lastModified": 1688636062,
        "narHash": "sha256-AssKqHYwH7Pw0Fz93rN68iBQz/9U/gJ84RehRhHZUjY=",
        "owner": "NixOS",
        "repo": "nixpkgs",
        "rev": "639ad2f7510a154bc11184dc8b07b10e120c2240",
        "type": "github"
      },
      "original": {
        "owner": "NixOS",
        "repo": "nixpkgs",
        "type": "github"
      }
    },
    "nixpkgs-lib": {
      "locked": {
        "dir": "lib",
        "lastModified": 1688049487,
        "narHash": "sha256-100g4iaKC9MalDjUW9iN6Jl/OocTDtXdeAj7pEGIRh4=",
        "owner": "NixOS",
        "repo": "nixpkgs",
        "rev": "4bc72cae107788bf3f24f30db2e2f685c9298dc9",
        "type": "github"
      },
      "original": {
        "dir": "lib",
        "owner": "NixOS",
        "ref": "nixos-unstable",
        "repo": "nixpkgs",
        "type": "github"
      }
    },
    "nur": {
      "locked": {
        "lastModified": 1688633303,
        "narHash": "sha256-UZn3BAEWUUU4UiEfXI2iJbfE7aMcjITR4bRfZdzBPJQ=",
        "owner": "nix-community",
        "repo": "NUR",
        "rev": "77a6754d119839abebcdb280d9abda8ca29298ca",
        "type": "github"
      },
      "original": {
        "owner": "nix-community",
        "repo": "NUR",
        "type": "github"
      }
    },
    "pre-commit-hooks": {
      "inputs": {
        "flake-compat": [
          "prismlauncher",
          "flake-compat"
        ],
        "flake-utils": "flake-utils",
        "gitignore": "gitignore",
        "nixpkgs": [
          "prismlauncher",
          "nixpkgs"
        ],
        "nixpkgs-stable": [
          "prismlauncher",
          "nixpkgs"
        ]
      },
      "locked": {
        "lastModified": 1688386108,
        "narHash": "sha256-Vffto9QaVonzYAcPlAzd0soqWYpPpKk60dfNLSIXcFA=",
        "owner": "cachix",
        "repo": "pre-commit-hooks.nix",
        "rev": "42587d3414d1747999a5f71e92a83cf6547b62da",
        "type": "github"
      },
      "original": {
        "owner": "cachix",
        "repo": "pre-commit-hooks.nix",
        "type": "github"
      }
    },
    "prism-ftb-patch": {
      "flake": false,
      "locked": {
        "narHash": "sha256-G8h1sPysJKJI+Ls2VChif/alD0kYcN7VUBkHL6EKtCY=",
        "type": "file",
        "url": "https://github.com/AdenMck/PrismLauncher/commit/36df231f7ad5f8d54d08c4d2c5f99f6d000fc507.patch"
      },
      "original": {
        "type": "file",
        "url": "https://github.com/AdenMck/PrismLauncher/commit/36df231f7ad5f8d54d08c4d2c5f99f6d000fc507.patch"
      }
    },
    "prism-game-options-patch": {
      "flake": false,
      "locked": {
        "narHash": "sha256-zsL8t7BrbzdVkr8ApYzQcYgRm3WWTcF2SQlAmr5ISBk=",
        "type": "file",
        "url": "https://patch-diff.githubusercontent.com/raw/PrismLauncher/PrismLauncher/pull/907.patch"
      },
      "original": {
        "type": "file",
        "url": "https://patch-diff.githubusercontent.com/raw/PrismLauncher/PrismLauncher/pull/907.patch"
      }
    },
    "prismlauncher": {
      "inputs": {
        "flake-compat": "flake-compat",
        "flake-parts": "flake-parts",
        "libnbtplusplus": "libnbtplusplus",
        "nixpkgs": [
          "nixpkgs"
        ],
        "pre-commit-hooks": "pre-commit-hooks"
      },
      "locked": {
        "lastModified": 1688599512,
        "narHash": "sha256-VksJ6v64EzcDeXFns8MlkRiSIK8QPk3XTe0v7wfzd4w=",
        "owner": "PrismLauncher",
        "repo": "PrismLauncher",
        "rev": "2cb22ad280ec0b540ec6e96759d478c60562bc9a",
        "type": "github"
      },
      "original": {
        "owner": "PrismLauncher",
        "repo": "PrismLauncher",
        "type": "github"
      }
    },
    "root": {
      "inputs": {
        "home-manager": "home-manager",
        "nixos-hardware": "nixos-hardware",
        "nixpkgs": "nixpkgs",
        "nur": "nur",
        "prism-ftb-patch": "prism-ftb-patch",
        "prism-game-options-patch": "prism-game-options-patch",
        "prismlauncher": "prismlauncher",
        "tela-icon-theme": "tela-icon-theme"
      }
    },
    "systems": {
      "locked": {
        "lastModified": 1681028828,
        "narHash": "sha256-Vy1rq5AaRuLzOxct8nz4T6wlgyUR7zLU309k9mBC768=",
        "owner": "nix-systems",
        "repo": "default",
        "rev": "da67096a3b9bf56a91d16901293e51ba5b49a27e",
        "type": "github"
      },
      "original": {
        "owner": "nix-systems",
        "repo": "default",
        "type": "github"
      }
    },
    "tela-icon-theme": {
      "flake": false,
      "locked": {
        "lastModified": 1687791419,
        "narHash": "sha256-O/JrNofu+c9Xx02Jcssopx8u9dfQN1cQB5OY8Lm3ts8=",
        "owner": "vinceliuice",
        "repo": "Tela-icon-theme",
        "rev": "71ba370936c720bb6fbf0353f0bb36c36d6bc10e",
        "type": "github"
      },
      "original": {
        "owner": "vinceliuice",
        "repo": "Tela-icon-theme",
        "type": "github"
      }
    }
  },
  "root": "root",
  "version": 7
}
